{
  "name": "fixtures",
  "lockfileVersion": 3,
  "requires": true,
  "packages": {
    "": {
      "dependencies": {
        "fzstd": "^0.1.1",
        "protomcp": "file:../../../sdk/typescript",
        "zod": "^3.22.0"
      }
    },
    "../../../sdk/typescript": {
      "name": "protomcp",
      "version": "0.1.0",
      "dependencies": {
        "protobufjs": "^7.0.0",
        "zod": "^3.22.0",
        "zod-to-json-schema": "^3.22.0"
      },
      "devDependencies": {
        "@types/node": "^20.0.0",
        "typescript": "^5.3.0",
        "vitest": "^1.0.0"
      }
    },
    "node_modules/fzstd": {
      "version": "0.1.1",
      "resolved": "https://registry.npmjs.org/fzstd/-/fzstd-0.1.1.tgz",
      "integrity": "sha512-dkuVSOKKwh3eas5VkJy1AW1vFpet8TA/fGmVA5krThl8YcOVE/8ZIoEA1+U1vEn5ckxxhLirSdY837azmbaNHA==",
      "license": "MIT"
    },
    "node_modules/protomcp": {
      "resolved": "../../../sdk/typescript",
      "link": true
    },
    "node_modules/zod": {
      "version": "3.25.76",
      "resolved": "https://registry.npmjs.org/zod/-/zod-3.25.76.tgz",
      "integrity": "sha512-gzUt/qt81nXsFGKIFcC3YnfEAx5NkunCfnDlvuBSSFS02bcXu4Lmea0AFIUwbLWxWPx3d9p8S5QoaujKcNQxcQ==",
      "license": "MIT",
      "funding": {
        "url": "https://github.com/sponsors/colinhacks"
      }
    }
  }
}
